
Microsoft Visual Studio Solution File, Format Version 12.00
# Visual Studio Version 16
VisualStudioVersion = 16.0.31624.102
MinimumVisualStudioVersion = 10.0.40219.1
Project("{FAE04EC0-301F-11D3-BF4B-00C04F79EFBC}") = "UserClientRecipeEstiGenauer", "UserClientRecipeEstiGenauer.csproj", "{C084E615-05BB-4F97-AF69-B585A737124E}"
EndProject
Global
	GlobalSection(SolutionConfigurationPlatforms) = preSolution
		Debug|Any CPU = Debug|Any CPU
		Release|Any CPU = Release|Any CPU
	EndGlobalSection
	GlobalSection(ProjectConfigurationPlatforms) = postSolution
		{C084E615-05BB-4F97-AF69-B585A737124E}.Debug|Any CPU.ActiveCfg = Debug|Any CPU
		{C084E615-05BB-4F97-AF69-B585A737124E}.Debug|Any CPU.Build.0 = Debug|Any CPU
		{C084E615-05BB-4F97-AF69-B585A737124E}.Release|Any CPU.ActiveCfg = Release|Any CPU
		{C084E615-05BB-4F97-AF69-B585A737124E}.Release|Any CPU.Build.0 = Release|Any CPU
	EndGlobalSection
	GlobalSection(SolutionProperties) = preSolution
		HideSolutionNode = FALSE
	EndGlobalSection
	GlobalSection(ExtensibilityGlobals) = postSolution
		SolutionGuid = {7EC62008-E564-4BB5-B018-CCFA4F1ED8B3}
	EndGlobalSection
EndGlobal
